
Microsoft Visual Studio Solution File, Format Version 12.00
# Visual Studio Version 16
VisualStudioVersion = 16.0.34902.97
MinimumVisualStudioVersion = 10.0.40219.1
Project("{FAE04EC0-301F-11D3-BF4B-00C04F79EFBC}") = "WebApiJwt", "WebApiJwt\WebApiJwt.csproj", "{B787E306-2763-4D8D-8A71-248B605031D7}"
EndProject
Global
	GlobalSection(SolutionConfigurationPlatforms) = preSolution
		Debug|Any CPU = Debug|Any CPU
		Release|Any CPU = Release|Any CPU
	EndGlobalSection
	GlobalSection(ProjectConfigurationPlatforms) = postSolution
		{B787E306-2763-4D8D-8A71-248B605031D7}.Debug|Any CPU.ActiveCfg = Debug|Any CPU
		{B787E306-2763-4D8D-8A71-248B605031D7}.Debug|Any CPU.Build.0 = Debug|Any CPU
		{B787E306-2763-4D8D-8A71-248B605031D7}.Release|Any CPU.ActiveCfg = Release|Any CPU
		{B787E306-2763-4D8D-8A71-248B605031D7}.Release|Any CPU.Build.0 = Release|Any CPU
	EndGlobalSection
	GlobalSection(SolutionProperties) = preSolution
		HideSolutionNode = FALSE
	EndGlobalSection
	GlobalSection(ExtensibilityGlobals) = postSolution
		SolutionGuid = {6AEF6645-C6FE-45BB-8C17-1508AFEA3908}
	EndGlobalSection
EndGlobal
